// !$*UTF8*$!
{
	archiveVersion = 1;
	classes = {
	};
	objectVersion = 46;
	objects = {

/* Begin PBXBuildFile section */
		2E0EF8B9193C6923004B5211 /* audio.lua in Resources */ = {isa = PBXBuildFile; fileRef = 2E0EF86A193C6923004B5211 /* audio.lua */; };
		2E0EF8BA193C6923004B5211 /* bg.png in Resources */ = {isa = PBXBuildFile; fileRef = 2E0EF86B193C6923004B5211 /* bg.png */; };
		2E0EF8BB193C6923004B5211 /* bg_title.png in Resources */ = {isa = PBXBuildFile; fileRef = 2E0EF86C193C6923004B5211 /* bg_title.png */; };
		2E0EF8BC193C6923004B5211 /* block.png in Resources */ = {isa = PBXBuildFile; fileRef = 2E0EF86D193C6923004B5211 /* block.png */; };
		2E0EF8BD193C6923004B5211 /* btn.png in Resources */ = {isa = PBXBuildFile; fileRef = 2E0EF86E193C6923004B5211 /* btn.png */; };
		2E0EF8BE193C6923004B5211 /* btn_toonrunner.png in Resources */ = {isa = PBXBuildFile; fileRef = 2E0EF86F193C6923004B5211 /* btn_toonrunner.png */; };
		2E0EF8BF193C6923004B5211 /* buttonbar.png in Resources */ = {isa = PBXBuildFile; fileRef = 2E0EF870193C6923004B5211 /* buttonbar.png */; };
		2E0EF8C0193C6923004B5211 /* commons.lua in Resources */ = {isa = PBXBuildFile; fileRef = 2E0EF871193C6923004B5211 /* commons.lua */; };
		2E0EF8C1193C6923004B5211 /* config.lua in Resources */ = {isa = PBXBuildFile; fileRef = 2E0EF872193C6923004B5211 /* config.lua */; };
		2E0EF8C2193C6923004B5211 /* convert.sh in Resources */ = {isa = PBXBuildFile; fileRef = 2E0EF873193C6923004B5211 /* convert.sh */; };
		2E0EF8C3193C6923004B5211 /* font.png in Resources */ = {isa = PBXBuildFile; fileRef = 2E0EF874193C6923004B5211 /* font.png */; };
		2E0EF8C4193C6923004B5211 /* graphics.svg in Resources */ = {isa = PBXBuildFile; fileRef = 2E0EF875193C6923004B5211 /* graphics.svg */; };
		2E0EF8C5193C6923004B5211 /* ground.png in Resources */ = {isa = PBXBuildFile; fileRef = 2E0EF876193C6923004B5211 /* ground.png */; };
		2E0EF8C6193C6923004B5211 /* hit.ogg in Resources */ = {isa = PBXBuildFile; fileRef = 2E0EF877193C6923004B5211 /* hit.ogg */; };
		2E0EF8C7193C6923004B5211 /* jump.ogg in Resources */ = {isa = PBXBuildFile; fileRef = 2E0EF878193C6923004B5211 /* jump.ogg */; };
		2E0EF8C8193C6923004B5211 /* level.lua in Resources */ = {isa = PBXBuildFile; fileRef = 2E0EF879193C6923004B5211 /* level.lua */; };
		2E0EF8C9193C6923004B5211 /* .project in Resources */ = {isa = PBXBuildFile; fileRef = 2E0EF87B193C6923004B5211 /* .project */; };
		2E0EF8CA193C6923004B5211 /* 0127.png in Resources */ = {isa = PBXBuildFile; fileRef = 2E0EF87D193C6923004B5211 /* 0127.png */; };
		2E0EF8CB193C6923004B5211 /* 0127@2x.png in Resources */ = {isa = PBXBuildFile; fileRef = 2E0EF87E193C6923004B5211 /* 0127@2x.png */; };
		2E0EF8CC193C6923004B5211 /* 0147@2x.png in Resources */ = {isa = PBXBuildFile; fileRef = 2E0EF87F193C6923004B5211 /* 0147@2x.png */; };
		2E0EF8CD193C6923004B5211 /* bg.png in Resources */ = {isa = PBXBuildFile; fileRef = 2E0EF880193C6923004B5211 /* bg.png */; };
		2E0EF8CE193C6923004B5211 /* ground.png in Resources */ = {isa = PBXBuildFile; fileRef = 2E0EF881193C6923004B5211 /* ground.png */; };
		2E0EF8CF193C6923004B5211 /* run_0002.png in Resources */ = {isa = PBXBuildFile; fileRef = 2E0EF882193C6923004B5211 /* run_0002.png */; };
		2E0EF8D0193C6923004B5211 /* ButtonBar.screen in Resources */ = {isa = PBXBuildFile; fileRef = 2E0EF883193C6923004B5211 /* ButtonBar.screen */; };
		2E0EF8D1193C6923004B5211 /* MainScreen.screen in Resources */ = {isa = PBXBuildFile; fileRef = 2E0EF884193C6923004B5211 /* MainScreen.screen */; };
		2E0EF8D2193C6923004B5211 /* main.lua in Resources */ = {isa = PBXBuildFile; fileRef = 2E0EF885193C6923004B5211 /* main.lua */; };
		2E0EF8D3193C6923004B5211 /* MainScreen.png in Resources */ = {isa = PBXBuildFile; fileRef = 2E0EF886193C6923004B5211 /* MainScreen.png */; };
		2E0EF8D4193C6923004B5211 /* play.lua in Resources */ = {isa = PBXBuildFile; fileRef = 2E0EF887193C6923004B5211 /* play.lua */; };
		2E0EF8D5193C6923004B5211 /* prepassests.lua in Resources */ = {isa = PBXBuildFile; fileRef = 2E0EF888193C6923004B5211 /* prepassests.lua */; };
		2E0EF8D6193C6923004B5211 /* README.md in Resources */ = {isa = PBXBuildFile; fileRef = 2E0EF889193C6923004B5211 /* README.md */; };
		2E0EF8D7193C6923004B5211 /* roll_0001.png in Resources */ = {isa = PBXBuildFile; fileRef = 2E0EF88A193C6923004B5211 /* roll_0001.png */; };
		2E0EF8D8193C6923004B5211 /* roll_0002.png in Resources */ = {isa = PBXBuildFile; fileRef = 2E0EF88B193C6923004B5211 /* roll_0002.png */; };
		2E0EF8D9193C6923004B5211 /* roll_0003.png in Resources */ = {isa = PBXBuildFile; fileRef = 2E0EF88C193C6923004B5211 /* roll_0003.png */; };
		2E0EF8DA193C6923004B5211 /* roll_0004.png in Resources */ = {isa = PBXBuildFile; fileRef = 2E0EF88D193C6923004B5211 /* roll_0004.png */; };
		2E0EF8DB193C6923004B5211 /* roll_0005.png in Resources */ = {isa = PBXBuildFile; fileRef = 2E0EF88E193C6923004B5211 /* roll_0005.png */; };
		2E0EF8DC193C6923004B5211 /* roll_0006.png in Resources */ = {isa = PBXBuildFile; fileRef = 2E0EF88F193C6923004B5211 /* roll_0006.png */; };
		2E0EF8DD193C6923004B5211 /* roll_0007.png in Resources */ = {isa = PBXBuildFile; fileRef = 2E0EF890193C6923004B5211 /* roll_0007.png */; };
		2E0EF8DE193C6923004B5211 /* roll_0008.png in Resources */ = {isa = PBXBuildFile; fileRef = 2E0EF891193C6923004B5211 /* roll_0008.png */; };
		2E0EF8DF193C6923004B5211 /* roll_0009.png in Resources */ = {isa = PBXBuildFile; fileRef = 2E0EF892193C6923004B5211 /* roll_0009.png */; };
		2E0EF8E0193C6923004B5211 /* roll_0010.png in Resources */ = {isa = PBXBuildFile; fileRef = 2E0EF893193C6923004B5211 /* roll_0010.png */; };
		2E0EF8E1193C6923004B5211 /* roll_0011.png in Resources */ = {isa = PBXBuildFile; fileRef = 2E0EF894193C6923004B5211 /* roll_0011.png */; };
		2E0EF8E2193C6923004B5211 /* roll_0012.png in Resources */ = {isa = PBXBuildFile; fileRef = 2E0EF895193C6923004B5211 /* roll_0012.png */; };
		2E0EF8E3193C6923004B5211 /* roll_0013.png in Resources */ = {isa = PBXBuildFile; fileRef = 2E0EF896193C6923004B5211 /* roll_0013.png */; };
		2E0EF8E4193C6923004B5211 /* roll_0014.png in Resources */ = {isa = PBXBuildFile; fileRef = 2E0EF897193C6923004B5211 /* roll_0014.png */; };
		2E0EF8E5193C6923004B5211 /* roll_0015.png in Resources */ = {isa = PBXBuildFile; fileRef = 2E0EF898193C6923004B5211 /* roll_0015.png */; };
		2E0EF8E6193C6923004B5211 /* roll_0016.png in Resources */ = {isa = PBXBuildFile; fileRef = 2E0EF899193C6923004B5211 /* roll_0016.png */; };
		2E0EF8E7193C6923004B5211 /* roll_0017.png in Resources */ = {isa = PBXBuildFile; fileRef = 2E0EF89A193C6923004B5211 /* roll_0017.png */; };
		2E0EF8E8193C6923004B5211 /* roll_0018.png in Resources */ = {isa = PBXBuildFile; fileRef = 2E0EF89B193C6923004B5211 /* roll_0018.png */; };
		2E0EF8E9193C6923004B5211 /* roll_0019.png in Resources */ = {isa = PBXBuildFile; fileRef = 2E0EF89C193C6923004B5211 /* roll_0019.png */; };
		2E0EF8EA193C6923004B5211 /* roll_0020.png in Resources */ = {isa = PBXBuildFile; fileRef = 2E0EF89D193C6923004B5211 /* roll_0020.png */; };
		2E0EF8EB193C6923004B5211 /* roll_0021.png in Resources */ = {isa = PBXBuildFile; fileRef = 2E0EF89E193C6923004B5211 /* roll_0021.png */; };
		2E0EF8EC193C6923004B5211 /* roll_0022.png in Resources */ = {isa = PBXBuildFile; fileRef = 2E0EF89F193C6923004B5211 /* roll_0022.png */; };
		2E0EF8ED193C6923004B5211 /* roll_0023.png in Resources */ = {isa = PBXBuildFile; fileRef = 2E0EF8A0193C6923004B5211 /* roll_0023.png */; };
		2E0EF8EE193C6923004B5211 /* roll_0024.png in Resources */ = {isa = PBXBuildFile; fileRef = 2E0EF8A1193C6923004B5211 /* roll_0024.png */; };
		2E0EF8EF193C6923004B5211 /* roll_0025.png in Resources */ = {isa = PBXBuildFile; fileRef = 2E0EF8A2193C6923004B5211 /* roll_0025.png */; };
		2E0EF8F0193C6923004B5211 /* roll_0026.png in Resources */ = {isa = PBXBuildFile; fileRef = 2E0EF8A3193C6923004B5211 /* roll_0026.png */; };
		2E0EF8F1193C6923004B5211 /* roll_0027.png in Resources */ = {isa = PBXBuildFile; fileRef = 2E0EF8A4193C6923004B5211 /* roll_0027.png */; };
		2E0EF8F2193C6923004B5211 /* roll_0028.png in Resources */ = {isa = PBXBuildFile; fileRef = 2E0EF8A5193C6923004B5211 /* roll_0028.png */; };
		2E0EF8F3193C6923004B5211 /* run_0001.png in Resources */ = {isa = PBXBuildFile; fileRef = 2E0EF8A6193C6923004B5211 /* run_0001.png */; };
		2E0EF8F4193C6923004B5211 /* run_0002.png in Resources */ = {isa = PBXBuildFile; fileRef = 2E0EF8A7193C6923004B5211 /* run_0002.png */; };
		2E0EF8F5193C6923004B5211 /* run_0003.png in Resources */ = {isa = PBXBuildFile; fileRef = 2E0EF8A8193C6923004B5211 /* run_0003.png */; };
		2E0EF8F6193C6923004B5211 /* run_0004.png in Resources */ = {isa = PBXBuildFile; fileRef = 2E0EF8A9193C6923004B5211 /* run_0004.png */; };
		2E0EF8F7193C6923004B5211 /* run_0005.png in Resources */ = {isa = PBXBuildFile; fileRef = 2E0EF8AA193C6923004B5211 /* run_0005.png */; };
		2E0EF8F8193C6923004B5211 /* run_0006.png in Resources */ = {isa = PBXBuildFile; fileRef = 2E0EF8AB193C6923004B5211 /* run_0006.png */; };
		2E0EF8F9193C6923004B5211 /* run_0007.png in Resources */ = {isa = PBXBuildFile; fileRef = 2E0EF8AC193C6923004B5211 /* run_0007.png */; };
		2E0EF8FA193C6923004B5211 /* run_0008.png in Resources */ = {isa = PBXBuildFile; fileRef = 2E0EF8AD193C6923004B5211 /* run_0008.png */; };
		2E0EF8FB193C6923004B5211 /* run_0009.png in Resources */ = {isa = PBXBuildFile; fileRef = 2E0EF8AE193C6923004B5211 /* run_0009.png */; };
		2E0EF8FC193C6923004B5211 /* run_0010.png in Resources */ = {isa = PBXBuildFile; fileRef = 2E0EF8AF193C6923004B5211 /* run_0010.png */; };
		2E0EF8FD193C6923004B5211 /* run_0011.png in Resources */ = {isa = PBXBuildFile; fileRef = 2E0EF8B0193C6923004B5211 /* run_0011.png */; };
		2E0EF8FE193C6923004B5211 /* run_0012.png in Resources */ = {isa = PBXBuildFile; fileRef = 2E0EF8B1193C6923004B5211 /* run_0012.png */; };
		2E0EF8FF193C6923004B5211 /* run_0013.png in Resources */ = {isa = PBXBuildFile; fileRef = 2E0EF8B2193C6923004B5211 /* run_0013.png */; };
		2E0EF900193C6923004B5211 /* run_0014.png in Resources */ = {isa = PBXBuildFile; fileRef = 2E0EF8B3193C6923004B5211 /* run_0014.png */; };
		2E0EF901193C6923004B5211 /* run_0015.png in Resources */ = {isa = PBXBuildFile; fileRef = 2E0EF8B4193C6923004B5211 /* run_0015.png */; };
		2E0EF902193C6923004B5211 /* title.ogg in Resources */ = {isa = PBXBuildFile; fileRef = 2E0EF8B5193C6923004B5211 /* title.ogg */; };
		2E0EF903193C6923004B5211 /* title.png in Resources */ = {isa = PBXBuildFile; fileRef = 2E0EF8B6193C6923004B5211 /* title.png */; };
		2E0EF904193C6923004B5211 /* ui_options.png in Resources */ = {isa = PBXBuildFile; fileRef = 2E0EF8B7193C6923004B5211 /* ui_options.png */; };
		2E0EF905193C6923004B5211 /* ui_Play.png in Resources */ = {isa = PBXBuildFile; fileRef = 2E0EF8B8193C6923004B5211 /* ui_Play.png */; };
		2E770DF61939CF9800082E82 /* Foundation.framework in Frameworks */ = {isa = PBXBuildFile; fileRef = 2E770DF51939CF9800082E82 /* Foundation.framework */; };
		2E770DF81939CF9800082E82 /* CoreGraphics.framework in Frameworks */ = {isa = PBXBuildFile; fileRef = 2E770DF71939CF9800082E82 /* CoreGraphics.framework */; };
		2E770DFA1939CF9800082E82 /* UIKit.framework in Frameworks */ = {isa = PBXBuildFile; fileRef = 2E770DF91939CF9800082E82 /* UIKit.framework */; };
		2E770DFC1939CF9800082E82 /* GLKit.framework in Frameworks */ = {isa = PBXBuildFile; fileRef = 2E770DFB1939CF9800082E82 /* GLKit.framework */; };
		2E770DFE1939CF9800082E82 /* OpenGLES.framework in Frameworks */ = {isa = PBXBuildFile; fileRef = 2E770DFD1939CF9800082E82 /* OpenGLES.framework */; };
		2E770E041939CF9800082E82 /* InfoPlist.strings in Resources */ = {isa = PBXBuildFile; fileRef = 2E770E021939CF9800082E82 /* InfoPlist.strings */; };
		2E770E061939CF9800082E82 /* main.mm in Sources */ = {isa = PBXBuildFile; fileRef = 2E770E051939CF9800082E82 /* main.mm */; };
		2E770E191939CF9800082E82 /* Images.xcassets in Resources */ = {isa = PBXBuildFile; fileRef = 2E770E181939CF9800082E82 /* Images.xcassets */; };
		2E770E201939CF9800082E82 /* XCTest.framework in Frameworks */ = {isa = PBXBuildFile; fileRef = 2E770E1F1939CF9800082E82 /* XCTest.framework */; };
		2E770E211939CF9800082E82 /* Foundation.framework in Frameworks */ = {isa = PBXBuildFile; fileRef = 2E770DF51939CF9800082E82 /* Foundation.framework */; };
		2E770E221939CF9800082E82 /* UIKit.framework in Frameworks */ = {isa = PBXBuildFile; fileRef = 2E770DF91939CF9800082E82 /* UIKit.framework */; };
		2E770E361939D11000082E82 /* OpenAL.framework in Frameworks */ = {isa = PBXBuildFile; fileRef = 2E770E351939D11000082E82 /* OpenAL.framework */; };
		2E770E3A1939D11F00082E82 /* AudioToolbox.framework in Frameworks */ = {isa = PBXBuildFile; fileRef = 2E770E391939D11F00082E82 /* AudioToolbox.framework */; };
		2E770E3C1939D13F00082E82 /* CoreMotion.framework in Frameworks */ = {isa = PBXBuildFile; fileRef = 2E770E3B1939D13F00082E82 /* CoreMotion.framework */; };
		2E770E3E1939D14F00082E82 /* QuartzCore.framework in Frameworks */ = {isa = PBXBuildFile; fileRef = 2E770E3D1939D14F00082E82 /* QuartzCore.framework */; };
/* End PBXBuildFile section */

/* Begin PBXContainerItemProxy section */
		2E770E231939CF9800082E82 /* PBXContainerItemProxy */ = {
			isa = PBXContainerItemProxy;
			containerPortal = 2E770DEA1939CF9800082E82 /* Project object */;
			proxyType = 1;
			remoteGlobalIDString = 2E770DF11939CF9800082E82;
			remoteInfo = lotechios;
		};
/* End PBXContainerItemProxy section */

/* Begin PBXFileReference section */
		2E0EF86A193C6923004B5211 /* audio.lua */ = {isa = PBXFileReference; fileEncoding = 4; lastKnownFileType = text; path = audio.lua; sourceTree = "<group>"; };
		2E0EF86B193C6923004B5211 /* bg.png */ = {isa = PBXFileReference; lastKnownFileType = image.png; path = bg.png; sourceTree = "<group>"; };
		2E0EF86C193C6923004B5211 /* bg_title.png */ = {isa = PBXFileReference; lastKnownFileType = image.png; path = bg_title.png; sourceTree = "<group>"; };
		2E0EF86D193C6923004B5211 /* block.png */ = {isa = PBXFileReference; lastKnownFileType = image.png; path = block.png; sourceTree = "<group>"; };
		2E0EF86E193C6923004B5211 /* btn.png */ = {isa = PBXFileReference; lastKnownFileType = image.png; path = btn.png; sourceTree = "<group>"; };
		2E0EF86F193C6923004B5211 /* btn_toonrunner.png */ = {isa = PBXFileReference; lastKnownFileType = image.png; path = btn_toonrunner.png; sourceTree = "<group>"; };
		2E0EF870193C6923004B5211 /* buttonbar.png */ = {isa = PBXFileReference; lastKnownFileType = image.png; path = buttonbar.png; sourceTree = "<group>"; };
		2E0EF871193C6923004B5211 /* commons.lua */ = {isa = PBXFileReference; fileEncoding = 4; lastKnownFileType = text; path = commons.lua; sourceTree = "<group>"; };
		2E0EF872193C6923004B5211 /* config.lua */ = {isa = PBXFileReference; fileEncoding = 4; lastKnownFileType = text; path = config.lua; sourceTree = "<group>"; };
		2E0EF873193C6923004B5211 /* convert.sh */ = {isa = PBXFileReference; fileEncoding = 4; lastKnownFileType = text.script.sh; path = convert.sh; sourceTree = "<group>"; };
		2E0EF874193C6923004B5211 /* font.png */ = {isa = PBXFileReference; lastKnownFileType = image.png; path = font.png; sourceTree = "<group>"; };
		2E0EF875193C6923004B5211 /* graphics.svg */ = {isa = PBXFileReference; fileEncoding = 4; lastKnownFileType = text.xml; path = graphics.svg; sourceTree = "<group>"; };
		2E0EF876193C6923004B5211 /* ground.png */ = {isa = PBXFileReference; lastKnownFileType = image.png; path = ground.png; sourceTree = "<group>"; };
		2E0EF877193C6923004B5211 /* hit.ogg */ = {isa = PBXFileReference; lastKnownFileType = file; path = hit.ogg; sourceTree = "<group>"; };
		2E0EF878193C6923004B5211 /* jump.ogg */ = {isa = PBXFileReference; lastKnownFileType = file; path = jump.ogg; sourceTree = "<group>"; };
		2E0EF879193C6923004B5211 /* level.lua */ = {isa = PBXFileReference; fileEncoding = 4; lastKnownFileType = text; path = level.lua; sourceTree = "<group>"; };
		2E0EF87B193C6923004B5211 /* .project */ = {isa = PBXFileReference; fileEncoding = 4; lastKnownFileType = text.xml; path = .project; sourceTree = "<group>"; };
		2E0EF87D193C6923004B5211 /* 0127.png */ = {isa = PBXFileReference; lastKnownFileType = image.png; path = 0127.png; sourceTree = "<group>"; };
		2E0EF87E193C6923004B5211 /* 0127@2x.png */ = {isa = PBXFileReference; lastKnownFileType = image.png; path = "0127@2x.png"; sourceTree = "<group>"; };
		2E0EF87F193C6923004B5211 /* 0147@2x.png */ = {isa = PBXFileReference; lastKnownFileType = image.png; path = "0147@2x.png"; sourceTree = "<group>"; };
		2E0EF880193C6923004B5211 /* bg.png */ = {isa = PBXFileReference; lastKnownFileType = image.png; path = bg.png; sourceTree = "<group>"; };
		2E0EF881193C6923004B5211 /* ground.png */ = {isa = PBXFileReference; lastKnownFileType = image.png; path = ground.png; sourceTree = "<group>"; };
		2E0EF882193C6923004B5211 /* run_0002.png */ = {isa = PBXFileReference; lastKnownFileType = image.png; path = run_0002.png; sourceTree = "<group>"; };
		2E0EF883193C6923004B5211 /* ButtonBar.screen */ = {isa = PBXFileReference; fileEncoding = 4; lastKnownFileType = text.xml; path = ButtonBar.screen; sourceTree = "<group>"; };
		2E0EF884193C6923004B5211 /* MainScreen.screen */ = {isa = PBXFileReference; fileEncoding = 4; lastKnownFileType = text.xml; path = MainScreen.screen; sourceTree = "<group>"; };
		2E0EF885193C6923004B5211 /* main.lua */ = {isa = PBXFileReference; fileEncoding = 4; lastKnownFileType = text; path = main.lua; sourceTree = "<group>"; };
		2E0EF886193C6923004B5211 /* MainScreen.png */ = {isa = PBXFileReference; lastKnownFileType = image.png; path = MainScreen.png; sourceTree = "<group>"; };
		2E0EF887193C6923004B5211 /* play.lua */ = {isa = PBXFileReference; fileEncoding = 4; lastKnownFileType = text; path = play.lua; sourceTree = "<group>"; };
		2E0EF888193C6923004B5211 /* prepassests.lua */ = {isa = PBXFileReference; fileEncoding = 4; lastKnownFileType = text; path = prepassests.lua; sourceTree = "<group>"; };
		2E0EF889193C6923004B5211 /* README.md */ = {isa = PBXFileReference; fileEncoding = 4; lastKnownFileType = text; path = README.md; sourceTree = "<group>"; };
		2E0EF88A193C6923004B5211 /* roll_0001.png */ = {isa = PBXFileReference; lastKnownFileType = image.png; path = roll_0001.png; sourceTree = "<group>"; };
		2E0EF88B193C6923004B5211 /* roll_0002.png */ = {isa = PBXFileReference; lastKnownFileType = image.png; path = roll_0002.png; sourceTree = "<group>"; };
		2E0EF88C193C6923004B5211 /* roll_0003.png */ = {isa = PBXFileReference; lastKnownFileType = image.png; path = roll_0003.png; sourceTree = "<group>"; };
		2E0EF88D193C6923004B5211 /* roll_0004.png */ = {isa = PBXFileReference; lastKnownFileType = image.png; path = roll_0004.png; sourceTree = "<group>"; };
		2E0EF88E193C6923004B5211 /* roll_0005.png */ = {isa = PBXFileReference; lastKnownFileType = image.png; path = roll_0005.png; sourceTree = "<group>"; };
		2E0EF88F193C6923004B5211 /* roll_0006.png */ = {isa = PBXFileReference; lastKnownFileType = image.png; path = roll_0006.png; sourceTree = "<group>"; };
		2E0EF890193C6923004B5211 /* roll_0007.png */ = {isa = PBXFileReference; lastKnownFileType = image.png; path = roll_0007.png; sourceTree = "<group>"; };
		2E0EF891193C6923004B5211 /* roll_0008.png */ = {isa = PBXFileReference; lastKnownFileType = image.png; path = roll_0008.png; sourceTree = "<group>"; };
		2E0EF892193C6923004B5211 /* roll_0009.png */ = {isa = PBXFileReference; lastKnownFileType = image.png; path = roll_0009.png; sourceTree = "<group>"; };
		2E0EF893193C6923004B5211 /* roll_0010.png */ = {isa = PBXFileReference; lastKnownFileType = image.png; path = roll_0010.png; sourceTree = "<group>"; };
		2E0EF894193C6923004B5211 /* roll_0011.png */ = {isa = PBXFileReference; lastKnownFileType = image.png; path = roll_0011.png; sourceTree = "<group>"; };
		2E0EF895193C6923004B5211 /* roll_0012.png */ = {isa = PBXFileReference; lastKnownFileType = image.png; path = roll_0012.png; sourceTree = "<group>"; };
		2E0EF896193C6923004B5211 /* roll_0013.png */ = {isa = PBXFileReference; lastKnownFileType = image.png; path = roll_0013.png; sourceTree = "<group>"; };
		2E0EF897193C6923004B5211 /* roll_0014.png */ = {isa = PBXFileReference; lastKnownFileType = image.png; path = roll_0014.png; sourceTree = "<group>"; };
		2E0EF898193C6923004B5211 /* roll_0015.png */ = {isa = PBXFileReference; lastKnownFileType = image.png; path = roll_0015.png; sourceTree = "<group>"; };
		2E0EF899193C6923004B5211 /* roll_0016.png */ = {isa = PBXFileReference; lastKnownFileType = image.png; path = roll_0016.png; sourceTree = "<group>"; };
		2E0EF89A193C6923004B5211 /* roll_0017.png */ = {isa = PBXFileReference; lastKnownFileType = image.png; path = roll_0017.png; sourceTree = "<group>"; };
		2E0EF89B193C6923004B5211 /* roll_0018.png */ = {isa = PBXFileReference; lastKnownFileType = image.png; path = roll_0018.png; sourceTree = "<group>"; };
		2E0EF89C193C6923004B5211 /* roll_0019.png */ = {isa = PBXFileReference; lastKnownFileType = image.png; path = roll_0019.png; sourceTree = "<group>"; };
		2E0EF89D193C6923004B5211 /* roll_0020.png */ = {isa = PBXFileReference; lastKnownFileType = image.png; path = roll_0020.png; sourceTree = "<group>"; };
		2E0EF89E193C6923004B5211 /* roll_0021.png */ = {isa = PBXFileReference; lastKnownFileType = image.png; path = roll_0021.png; sourceTree = "<group>"; };
		2E0EF89F193C6923004B5211 /* roll_0022.png */ = {isa = PBXFileReference; lastKnownFileType = image.png; path = roll_0022.png; sourceTree = "<group>"; };
		2E0EF8A0193C6923004B5211 /* roll_0023.png */ = {isa = PBXFileReference; lastKnownFileType = image.png; path = roll_0023.png; sourceTree = "<group>"; };
		2E0EF8A1193C6923004B5211 /* roll_0024.png */ = {isa = PBXFileReference; lastKnownFileType = image.png; path = roll_0024.png; sourceTree = "<group>"; };
		2E0EF8A2193C6923004B5211 /* roll_0025.png */ = {isa = PBXFileReference; lastKnownFileType = image.png; path = roll_0025.png; sourceTree = "<group>"; };
		2E0EF8A3193C6923004B5211 /* roll_0026.png */ = {isa = PBXFileReference; lastKnownFileType = image.png; path = roll_0026.png; sourceTree = "<group>"; };
		2E0EF8A4193C6923004B5211 /* roll_0027.png */ = {isa = PBXFileReference; lastKnownFileType = image.png; path = roll_0027.png; sourceTree = "<group>"; };
		2E0EF8A5193C6923004B5211 /* roll_0028.png */ = {isa = PBXFileReference; lastKnownFileType = image.png; path = roll_0028.png; sourceTree = "<group>"; };
		2E0EF8A6193C6923004B5211 /* run_0001.png */ = {isa = PBXFileReference; lastKnownFileType = image.png; path = run_0001.png; sourceTree = "<group>"; };
		2E0EF8A7193C6923004B5211 /* run_0002.png */ = {isa = PBXFileReference; lastKnownFileType = image.png; path = run_0002.png; sourceTree = "<group>"; };
		2E0EF8A8193C6923004B5211 /* run_0003.png */ = {isa = PBXFileReference; lastKnownFileType = image.png; path = run_0003.png; sourceTree = "<group>"; };
		2E0EF8A9193C6923004B5211 /* run_0004.png */ = {isa = PBXFileReference; lastKnownFileType = image.png; path = run_0004.png; sourceTree = "<group>"; };
		2E0EF8AA193C6923004B5211 /* run_0005.png */ = {isa = PBXFileReference; lastKnownFileType = image.png; path = run_0005.png; sourceTree = "<group>"; };
		2E0EF8AB193C6923004B5211 /* run_0006.png */ = {isa = PBXFileReference; lastKnownFileType = image.png; path = run_0006.png; sourceTree = "<group>"; };
		2E0EF8AC193C6923004B5211 /* run_0007.png */ = {isa = PBXFileReference; lastKnownFileType = image.png; path = run_0007.png; sourceTree = "<group>"; };
		2E0EF8AD193C6923004B5211 /* run_0008.png */ = {isa = PBXFileReference; lastKnownFileType = image.png; path = run_0008.png; sourceTree = "<group>"; };
		2E0EF8AE193C6923004B5211 /* run_0009.png */ = {isa = PBXFileReference; lastKnownFileType = image.png; path = run_0009.png; sourceTree = "<group>"; };
		2E0EF8AF193C6923004B5211 /* run_0010.png */ = {isa = PBXFileReference; lastKnownFileType = image.png; path = run_0010.png; sourceTree = "<group>"; };
		2E0EF8B0193C6923004B5211 /* run_0011.png */ = {isa = PBXFileReference; lastKnownFileType = image.png; path = run_0011.png; sourceTree = "<group>"; };
		2E0EF8B1193C6923004B5211 /* run_0012.png */ = {isa = PBXFileReference; lastKnownFileType = image.png; path = run_0012.png; sourceTree = "<group>"; };
		2E0EF8B2193C6923004B5211 /* run_0013.png */ = {isa = PBXFileReference; lastKnownFileType = image.png; path = run_0013.png; sourceTree = "<group>"; };
		2E0EF8B3193C6923004B5211 /* run_0014.png */ = {isa = PBXFileReference; lastKnownFileType = image.png; path = run_0014.png; sourceTree = "<group>"; };
		2E0EF8B4193C6923004B5211 /* run_0015.png */ = {isa = PBXFileReference; lastKnownFileType = image.png; path = run_0015.png; sourceTree = "<group>"; };
		2E0EF8B5193C6923004B5211 /* title.ogg */ = {isa = PBXFileReference; lastKnownFileType = file; path = title.ogg; sourceTree = "<group>"; };
		2E0EF8B6193C6923004B5211 /* title.png */ = {isa = PBXFileReference; lastKnownFileType = image.png; path = title.png; sourceTree = "<group>"; };
		2E0EF8B7193C6923004B5211 /* ui_options.png */ = {isa = PBXFileReference; lastKnownFileType = image.png; path = ui_options.png; sourceTree = "<group>"; };
		2E0EF8B8193C6923004B5211 /* ui_Play.png */ = {isa = PBXFileReference; lastKnownFileType = image.png; path = ui_Play.png; sourceTree = "<group>"; };
		2E770DF21939CF9800082E82 /* lotechios.app */ = {isa = PBXFileReference; explicitFileType = wrapper.application; includeInIndex = 0; path = lotechios.app; sourceTree = BUILT_PRODUCTS_DIR; };
		2E770DF51939CF9800082E82 /* Foundation.framework */ = {isa = PBXFileReference; lastKnownFileType = wrapper.framework; name = Foundation.framework; path = System/Library/Frameworks/Foundation.framework; sourceTree = SDKROOT; };
		2E770DF71939CF9800082E82 /* CoreGraphics.framework */ = {isa = PBXFileReference; lastKnownFileType = wrapper.framework; name = CoreGraphics.framework; path = System/Library/Frameworks/CoreGraphics.framework; sourceTree = SDKROOT; };
		2E770DF91939CF9800082E82 /* UIKit.framework */ = {isa = PBXFileReference; lastKnownFileType = wrapper.framework; name = UIKit.framework; path = System/Library/Frameworks/UIKit.framework; sourceTree = SDKROOT; };
		2E770DFB1939CF9800082E82 /* GLKit.framework */ = {isa = PBXFileReference; lastKnownFileType = wrapper.framework; name = GLKit.framework; path = System/Library/Frameworks/GLKit.framework; sourceTree = SDKROOT; };
		2E770DFD1939CF9800082E82 /* OpenGLES.framework */ = {isa = PBXFileReference; lastKnownFileType = wrapper.framework; name = OpenGLES.framework; path = System/Library/Frameworks/OpenGLES.framework; sourceTree = SDKROOT; };
		2E770E011939CF9800082E82 /* lotechios-Info.plist */ = {isa = PBXFileReference; lastKnownFileType = text.plist.xml; path = "lotechios-Info.plist"; sourceTree = "<group>"; };
		2E770E031939CF9800082E82 /* en */ = {isa = PBXFileReference; lastKnownFileType = text.plist.strings; name = en; path = en.lproj/InfoPlist.strings; sourceTree = "<group>"; };
		2E770E051939CF9800082E82 /* main.mm */ = {isa = PBXFileReference; lastKnownFileType = sourcecode.cpp.objcpp; path = main.mm; sourceTree = "<group>"; };
		2E770E071939CF9800082E82 /* lotechios-Prefix.pch */ = {isa = PBXFileReference; lastKnownFileType = sourcecode.c.h; path = "lotechios-Prefix.pch"; sourceTree = "<group>"; };
		2E770E181939CF9800082E82 /* Images.xcassets */ = {isa = PBXFileReference; lastKnownFileType = folder.assetcatalog; path = Images.xcassets; sourceTree = "<group>"; };
		2E770E1E1939CF9800082E82 /* lotechiosTests.xctest */ = {isa = PBXFileReference; explicitFileType = wrapper.cfbundle; includeInIndex = 0; path = lotechiosTests.xctest; sourceTree = BUILT_PRODUCTS_DIR; };
		2E770E1F1939CF9800082E82 /* XCTest.framework */ = {isa = PBXFileReference; lastKnownFileType = wrapper.framework; name = XCTest.framework; path = Library/Frameworks/XCTest.framework; sourceTree = DEVELOPER_DIR; };
		2E770E351939D11000082E82 /* OpenAL.framework */ = {isa = PBXFileReference; lastKnownFileType = wrapper.framework; name = OpenAL.framework; path = System/Library/Frameworks/OpenAL.framework; sourceTree = SDKROOT; };
		2E770E371939D11900082E82 /* CoreAudio.framework */ = {isa = PBXFileReference; lastKnownFileType = wrapper.framework; name = CoreAudio.framework; path = System/Library/Frameworks/CoreAudio.framework; sourceTree = SDKROOT; };
		2E770E391939D11F00082E82 /* AudioToolbox.framework */ = {isa = PBXFileReference; lastKnownFileType = wrapper.framework; name = AudioToolbox.framework; path = System/Library/Frameworks/AudioToolbox.framework; sourceTree = SDKROOT; };
		2E770E3B1939D13F00082E82 /* CoreMotion.framework */ = {isa = PBXFileReference; lastKnownFileType = wrapper.framework; name = CoreMotion.framework; path = System/Library/Frameworks/CoreMotion.framework; sourceTree = SDKROOT; };
		2E770E3D1939D14F00082E82 /* QuartzCore.framework */ = {isa = PBXFileReference; lastKnownFileType = wrapper.framework; name = QuartzCore.framework; path = System/Library/Frameworks/QuartzCore.framework; sourceTree = SDKROOT; };
/* End PBXFileReference section */

/* Begin PBXFrameworksBuildPhase section */
		2E770DEF1939CF9800082E82 /* Frameworks */ = {
			isa = PBXFrameworksBuildPhase;
			buildActionMask = 2147483647;
			files = (
				2E770E3E1939D14F00082E82 /* QuartzCore.framework in Frameworks */,
				2E770E3C1939D13F00082E82 /* CoreMotion.framework in Frameworks */,
				2E770E3A1939D11F00082E82 /* AudioToolbox.framework in Frameworks */,
				2E770E361939D11000082E82 /* OpenAL.framework in Frameworks */,
				2E770DFE1939CF9800082E82 /* OpenGLES.framework in Frameworks */,
				2E770DF81939CF9800082E82 /* CoreGraphics.framework in Frameworks */,
				2E770DFA1939CF9800082E82 /* UIKit.framework in Frameworks */,
				2E770DFC1939CF9800082E82 /* GLKit.framework in Frameworks */,
				2E770DF61939CF9800082E82 /* Foundation.framework in Frameworks */,
			);
			runOnlyForDeploymentPostprocessing = 0;
		};
		2E770E1B1939CF9800082E82 /* Frameworks */ = {
			isa = PBXFrameworksBuildPhase;
			buildActionMask = 2147483647;
			files = (
				2E770E201939CF9800082E82 /* XCTest.framework in Frameworks */,
				2E770E221939CF9800082E82 /* UIKit.framework in Frameworks */,
				2E770E211939CF9800082E82 /* Foundation.framework in Frameworks */,
			);
			runOnlyForDeploymentPostprocessing = 0;
		};
/* End PBXFrameworksBuildPhase section */

/* Begin PBXGroup section */
		2E0EF869193C6923004B5211 /* bluerunner */ = {
			isa = PBXGroup;
			children = (
				2E0EF86A193C6923004B5211 /* audio.lua */,
				2E0EF86B193C6923004B5211 /* bg.png */,
				2E0EF86C193C6923004B5211 /* bg_title.png */,
				2E0EF86D193C6923004B5211 /* block.png */,
				2E0EF86E193C6923004B5211 /* btn.png */,
				2E0EF86F193C6923004B5211 /* btn_toonrunner.png */,
				2E0EF870193C6923004B5211 /* buttonbar.png */,
				2E0EF871193C6923004B5211 /* commons.lua */,
				2E0EF872193C6923004B5211 /* config.lua */,
				2E0EF873193C6923004B5211 /* convert.sh */,
				2E0EF874193C6923004B5211 /* font.png */,
				2E0EF875193C6923004B5211 /* graphics.svg */,
				2E0EF876193C6923004B5211 /* ground.png */,
				2E0EF877193C6923004B5211 /* hit.ogg */,
				2E0EF878193C6923004B5211 /* jump.ogg */,
				2E0EF879193C6923004B5211 /* level.lua */,
				2E0EF87A193C6923004B5211 /* LineRunnerMocks */,
				2E0EF885193C6923004B5211 /* main.lua */,
				2E0EF886193C6923004B5211 /* MainScreen.png */,
				2E0EF887193C6923004B5211 /* play.lua */,
				2E0EF888193C6923004B5211 /* prepassests.lua */,
				2E0EF889193C6923004B5211 /* README.md */,
				2E0EF88A193C6923004B5211 /* roll_0001.png */,
				2E0EF88B193C6923004B5211 /* roll_0002.png */,
				2E0EF88C193C6923004B5211 /* roll_0003.png */,
				2E0EF88D193C6923004B5211 /* roll_0004.png */,
				2E0EF88E193C6923004B5211 /* roll_0005.png */,
				2E0EF88F193C6923004B5211 /* roll_0006.png */,
				2E0EF890193C6923004B5211 /* roll_0007.png */,
				2E0EF891193C6923004B5211 /* roll_0008.png */,
				2E0EF892193C6923004B5211 /* roll_0009.png */,
				2E0EF893193C6923004B5211 /* roll_0010.png */,
				2E0EF894193C6923004B5211 /* roll_0011.png */,
				2E0EF895193C6923004B5211 /* roll_0012.png */,
				2E0EF896193C6923004B5211 /* roll_0013.png */,
				2E0EF897193C6923004B5211 /* roll_0014.png */,
				2E0EF898193C6923004B5211 /* roll_0015.png */,
				2E0EF899193C6923004B5211 /* roll_0016.png */,
				2E0EF89A193C6923004B5211 /* roll_0017.png */,
				2E0EF89B193C6923004B5211 /* roll_0018.png */,
				2E0EF89C193C6923004B5211 /* roll_0019.png */,
				2E0EF89D193C6923004B5211 /* roll_0020.png */,
				2E0EF89E193C6923004B5211 /* roll_0021.png */,
				2E0EF89F193C6923004B5211 /* roll_0022.png */,
				2E0EF8A0193C6923004B5211 /* roll_0023.png */,
				2E0EF8A1193C6923004B5211 /* roll_0024.png */,
				2E0EF8A2193C6923004B5211 /* roll_0025.png */,
				2E0EF8A3193C6923004B5211 /* roll_0026.png */,
				2E0EF8A4193C6923004B5211 /* roll_0027.png */,
				2E0EF8A5193C6923004B5211 /* roll_0028.png */,
				2E0EF8A6193C6923004B5211 /* run_0001.png */,
				2E0EF8A7193C6923004B5211 /* run_0002.png */,
				2E0EF8A8193C6923004B5211 /* run_0003.png */,
				2E0EF8A9193C6923004B5211 /* run_0004.png */,
				2E0EF8AA193C6923004B5211 /* run_0005.png */,
				2E0EF8AB193C6923004B5211 /* run_0006.png */,
				2E0EF8AC193C6923004B5211 /* run_0007.png */,
				2E0EF8AD193C6923004B5211 /* run_0008.png */,
				2E0EF8AE193C6923004B5211 /* run_0009.png */,
				2E0EF8AF193C6923004B5211 /* run_0010.png */,
				2E0EF8B0193C6923004B5211 /* run_0011.png */,
				2E0EF8B1193C6923004B5211 /* run_0012.png */,
				2E0EF8B2193C6923004B5211 /* run_0013.png */,
				2E0EF8B3193C6923004B5211 /* run_0014.png */,
				2E0EF8B4193C6923004B5211 /* run_0015.png */,
				2E0EF8B5193C6923004B5211 /* title.ogg */,
				2E0EF8B6193C6923004B5211 /* title.png */,
				2E0EF8B7193C6923004B5211 /* ui_options.png */,
				2E0EF8B8193C6923004B5211 /* ui_Play.png */,
			);
			name = bluerunner;
			path = ../../../bluerunner;
			sourceTree = "<group>";
		};
		2E0EF87A193C6923004B5211 /* LineRunnerMocks */ = {
			isa = PBXGroup;
			children = (
				2E0EF87B193C6923004B5211 /* .project */,
				2E0EF87C193C6923004B5211 /* assets */,
				2E0EF883193C6923004B5211 /* ButtonBar.screen */,
				2E0EF884193C6923004B5211 /* MainScreen.screen */,
			);
			path = LineRunnerMocks;
			sourceTree = "<group>";
		};
		2E0EF87C193C6923004B5211 /* assets */ = {
			isa = PBXGroup;
			children = (
				2E0EF87D193C6923004B5211 /* 0127.png */,
				2E0EF87E193C6923004B5211 /* 0127@2x.png */,
				2E0EF87F193C6923004B5211 /* 0147@2x.png */,
				2E0EF880193C6923004B5211 /* bg.png */,
				2E0EF881193C6923004B5211 /* ground.png */,
				2E0EF882193C6923004B5211 /* run_0002.png */,
			);
			path = assets;
			sourceTree = "<group>";
		};
		2E770DE91939CF9800082E82 = {
			isa = PBXGroup;
			children = (
				2E0EF869193C6923004B5211 /* bluerunner */,
				2E770DFF1939CF9800082E82 /* lotechios */,
				2E770DF41939CF9800082E82 /* Frameworks */,
				2E770DF31939CF9800082E82 /* Products */,
			);
			sourceTree = "<group>";
		};
		2E770DF31939CF9800082E82 /* Products */ = {
			isa = PBXGroup;
			children = (
				2E770DF21939CF9800082E82 /* lotechios.app */,
				2E770E1E1939CF9800082E82 /* lotechiosTests.xctest */,
			);
			name = Products;
			sourceTree = "<group>";
		};
		2E770DF41939CF9800082E82 /* Frameworks */ = {
			isa = PBXGroup;
			children = (
				2E770E3D1939D14F00082E82 /* QuartzCore.framework */,
				2E770E3B1939D13F00082E82 /* CoreMotion.framework */,
				2E770E391939D11F00082E82 /* AudioToolbox.framework */,
				2E770E371939D11900082E82 /* CoreAudio.framework */,
				2E770E351939D11000082E82 /* OpenAL.framework */,
				2E770DF51939CF9800082E82 /* Foundation.framework */,
				2E770DF71939CF9800082E82 /* CoreGraphics.framework */,
				2E770DF91939CF9800082E82 /* UIKit.framework */,
				2E770DFB1939CF9800082E82 /* GLKit.framework */,
				2E770DFD1939CF9800082E82 /* OpenGLES.framework */,
				2E770E1F1939CF9800082E82 /* XCTest.framework */,
			);
			name = Frameworks;
			sourceTree = "<group>";
		};
		2E770DFF1939CF9800082E82 /* lotechios */ = {
			isa = PBXGroup;
			children = (
				2E770E181939CF9800082E82 /* Images.xcassets */,
				2E770E001939CF9800082E82 /* Supporting Files */,
			);
			path = lotechios;
			sourceTree = "<group>";
		};
		2E770E001939CF9800082E82 /* Supporting Files */ = {
			isa = PBXGroup;
			children = (
				2E770E011939CF9800082E82 /* lotechios-Info.plist */,
				2E770E021939CF9800082E82 /* InfoPlist.strings */,
				2E770E051939CF9800082E82 /* main.mm */,
				2E770E071939CF9800082E82 /* lotechios-Prefix.pch */,
			);
			name = "Supporting Files";
			sourceTree = "<group>";
		};
/* End PBXGroup section */

/* Begin PBXNativeTarget section */
		2E770DF11939CF9800082E82 /* lotechios */ = {
			isa = PBXNativeTarget;
			buildConfigurationList = 2E770E2F1939CF9800082E82 /* Build configuration list for PBXNativeTarget "lotechios" */;
			buildPhases = (
				2E770DEE1939CF9800082E82 /* Sources */,
				2E770DEF1939CF9800082E82 /* Frameworks */,
				2E770DF01939CF9800082E82 /* Resources */,
			);
			buildRules = (
			);
			dependencies = (
			);
			name = lotechios;
			productName = lotechios;
			productReference = 2E770DF21939CF9800082E82 /* lotechios.app */;
			productType = "com.apple.product-type.application";
		};
		2E770E1D1939CF9800082E82 /* lotechiosTests */ = {
			isa = PBXNativeTarget;
			buildConfigurationList = 2E770E321939CF9800082E82 /* Build configuration list for PBXNativeTarget "lotechiosTests" */;
			buildPhases = (
				2E770E1A1939CF9800082E82 /* Sources */,
				2E770E1B1939CF9800082E82 /* Frameworks */,
				2E770E1C1939CF9800082E82 /* Resources */,
			);
			buildRules = (
			);
			dependencies = (
				2E770E241939CF9800082E82 /* PBXTargetDependency */,
			);
			name = lotechiosTests;
			productName = lotechiosTests;
			productReference = 2E770E1E1939CF9800082E82 /* lotechiosTests.xctest */;
			productType = "com.apple.product-type.bundle.unit-test";
		};
/* End PBXNativeTarget section */

/* Begin PBXProject section */
		2E770DEA1939CF9800082E82 /* Project object */ = {
			isa = PBXProject;
			attributes = {
				LastUpgradeCheck = 0510;
				ORGANIZATIONNAME = com.laex;
				TargetAttributes = {
					2E770E1D1939CF9800082E82 = {
						TestTargetID = 2E770DF11939CF9800082E82;
					};
				};
			};
			buildConfigurationList = 2E770DED1939CF9800082E82 /* Build configuration list for PBXProject "lotechios" */;
			compatibilityVersion = "Xcode 3.2";
			developmentRegion = English;
			hasScannedForEncodings = 0;
			knownRegions = (
				en,
				Base,
			);
			mainGroup = 2E770DE91939CF9800082E82;
			productRefGroup = 2E770DF31939CF9800082E82 /* Products */;
			projectDirPath = "";
			projectRoot = "";
			targets = (
				2E770DF11939CF9800082E82 /* lotechios */,
				2E770E1D1939CF9800082E82 /* lotechiosTests */,
			);
		};
/* End PBXProject section */

/* Begin PBXResourcesBuildPhase section */
		2E770DF01939CF9800082E82 /* Resources */ = {
			isa = PBXResourcesBuildPhase;
			buildActionMask = 2147483647;
			files = (
				2E0EF8DF193C6923004B5211 /* roll_0009.png in Resources */,
				2E0EF901193C6923004B5211 /* run_0015.png in Resources */,
				2E0EF8D5193C6923004B5211 /* prepassests.lua in Resources */,
				2E770E191939CF9800082E82 /* Images.xcassets in Resources */,
				2E0EF8CF193C6923004B5211 /* run_0002.png in Resources */,
				2E0EF8E9193C6923004B5211 /* roll_0019.png in Resources */,
				2E0EF8D3193C6923004B5211 /* MainScreen.png in Resources */,
				2E0EF8DC193C6923004B5211 /* roll_0006.png in Resources */,
				2E0EF8DA193C6923004B5211 /* roll_0004.png in Resources */,
				2E0EF8C4193C6923004B5211 /* graphics.svg in Resources */,
				2E0EF8E1193C6923004B5211 /* roll_0011.png in Resources */,
				2E0EF8E8193C6923004B5211 /* roll_0018.png in Resources */,
				2E0EF8C0193C6923004B5211 /* commons.lua in Resources */,
				2E0EF905193C6923004B5211 /* ui_Play.png in Resources */,
				2E0EF8C3193C6923004B5211 /* font.png in Resources */,
				2E0EF8EB193C6923004B5211 /* roll_0021.png in Resources */,
				2E0EF8EE193C6923004B5211 /* roll_0024.png in Resources */,
				2E0EF8C7193C6923004B5211 /* jump.ogg in Resources */,
				2E0EF8B9193C6923004B5211 /* audio.lua in Resources */,
				2E0EF8C1193C6923004B5211 /* config.lua in Resources */,
				2E0EF8E0193C6923004B5211 /* roll_0010.png in Resources */,
				2E0EF8D8193C6923004B5211 /* roll_0002.png in Resources */,
				2E0EF8C2193C6923004B5211 /* convert.sh in Resources */,
				2E0EF902193C6923004B5211 /* title.ogg in Resources */,
				2E0EF8F9193C6923004B5211 /* run_0007.png in Resources */,
				2E0EF8FE193C6923004B5211 /* run_0012.png in Resources */,
				2E0EF8D4193C6923004B5211 /* play.lua in Resources */,
				2E0EF8F5193C6923004B5211 /* run_0003.png in Resources */,
				2E0EF8C6193C6923004B5211 /* hit.ogg in Resources */,
				2E0EF900193C6923004B5211 /* run_0014.png in Resources */,
				2E0EF8E3193C6923004B5211 /* roll_0013.png in Resources */,
				2E0EF8C9193C6923004B5211 /* .project in Resources */,
				2E0EF8CC193C6923004B5211 /* 0147@2x.png in Resources */,
				2E0EF8BE193C6923004B5211 /* btn_toonrunner.png in Resources */,
				2E0EF8FF193C6923004B5211 /* run_0013.png in Resources */,
				2E0EF8CE193C6923004B5211 /* ground.png in Resources */,
				2E0EF8BA193C6923004B5211 /* bg.png in Resources */,
				2E0EF8FB193C6923004B5211 /* run_0009.png in Resources */,
				2E0EF8D9193C6923004B5211 /* roll_0003.png in Resources */,
				2E0EF8F8193C6923004B5211 /* run_0006.png in Resources */,
				2E0EF8F0193C6923004B5211 /* roll_0026.png in Resources */,
				2E0EF8ED193C6923004B5211 /* roll_0023.png in Resources */,
				2E0EF8D0193C6923004B5211 /* ButtonBar.screen in Resources */,
				2E0EF8E7193C6923004B5211 /* roll_0017.png in Resources */,
				2E0EF8F2193C6923004B5211 /* roll_0028.png in Resources */,
				2E0EF8CB193C6923004B5211 /* 0127@2x.png in Resources */,
				2E0EF8E2193C6923004B5211 /* roll_0012.png in Resources */,
				2E0EF8F4193C6923004B5211 /* run_0002.png in Resources */,
				2E0EF8DE193C6923004B5211 /* roll_0008.png in Resources */,
				2E0EF8D2193C6923004B5211 /* main.lua in Resources */,
				2E0EF8EF193C6923004B5211 /* roll_0025.png in Resources */,
				2E0EF8EA193C6923004B5211 /* roll_0020.png in Resources */,
				2E0EF8E6193C6923004B5211 /* roll_0016.png in Resources */,
				2E0EF8FD193C6923004B5211 /* run_0011.png in Resources */,
				2E0EF8C8193C6923004B5211 /* level.lua in Resources */,
				2E0EF8FA193C6923004B5211 /* run_0008.png in Resources */,
				2E0EF8D6193C6923004B5211 /* README.md in Resources */,
				2E0EF904193C6923004B5211 /* ui_options.png in Resources */,
				2E0EF8C5193C6923004B5211 /* ground.png in Resources */,
				2E0EF8DD193C6923004B5211 /* roll_0007.png in Resources */,
				2E0EF8F1193C6923004B5211 /* roll_0027.png in Resources */,
				2E770E041939CF9800082E82 /* InfoPlist.strings in Resources */,
				2E0EF8D7193C6923004B5211 /* roll_0001.png in Resources */,
				2E0EF8F7193C6923004B5211 /* run_0005.png in Resources */,
				2E0EF8FC193C6923004B5211 /* run_0010.png in Resources */,
				2E0EF8E5193C6923004B5211 /* roll_0015.png in Resources */,
				2E0EF8BD193C6923004B5211 /* btn.png in Resources */,
				2E0EF903193C6923004B5211 /* title.png in Resources */,
				2E0EF8BB193C6923004B5211 /* bg_title.png in Resources */,
				2E0EF8CA193C6923004B5211 /* 0127.png in Resources */,
				2E0EF8F6193C6923004B5211 /* run_0004.png in Resources */,
				2E0EF8BF193C6923004B5211 /* buttonbar.png in Resources */,
				2E0EF8D1193C6923004B5211 /* MainScreen.screen in Resources */,
				2E0EF8DB193C6923004B5211 /* roll_0005.png in Resources */,
				2E0EF8E4193C6923004B5211 /* roll_0014.png in Resources */,
				2E0EF8CD193C6923004B5211 /* bg.png in Resources */,
				2E0EF8EC193C6923004B5211 /* roll_0022.png in Resources */,
				2E0EF8BC193C6923004B5211 /* block.png in Resources */,
				2E0EF8F3193C6923004B5211 /* run_0001.png in Resources */,
			);
			runOnlyForDeploymentPostprocessing = 0;
		};
		2E770E1C1939CF9800082E82 /* Resources */ = {
			isa = PBXResourcesBuildPhase;
			buildActionMask = 2147483647;
			files = (
			);
			runOnlyForDeploymentPostprocessing = 0;
		};
/* End PBXResourcesBuildPhase section */

/* Begin PBXSourcesBuildPhase section */
		2E770DEE1939CF9800082E82 /* Sources */ = {
			isa = PBXSourcesBuildPhase;
			buildActionMask = 2147483647;
			files = (
				2E770E061939CF9800082E82 /* main.mm in Sources */,
			);
			runOnlyForDeploymentPostprocessing = 0;
		};
		2E770E1A1939CF9800082E82 /* Sources */ = {
			isa = PBXSourcesBuildPhase;
			buildActionMask = 2147483647;
			files = (
			);
			runOnlyForDeploymentPostprocessing = 0;
		};
/* End PBXSourcesBuildPhase section */

/* Begin PBXTargetDependency section */
		2E770E241939CF9800082E82 /* PBXTargetDependency */ = {
			isa = PBXTargetDependency;
			target = 2E770DF11939CF9800082E82 /* lotechios */;
			targetProxy = 2E770E231939CF9800082E82 /* PBXContainerItemProxy */;
		};
/* End PBXTargetDependency section */

/* Begin PBXVariantGroup section */
		2E770E021939CF9800082E82 /* InfoPlist.strings */ = {
			isa = PBXVariantGroup;
			children = (
				2E770E031939CF9800082E82 /* en */,
			);
			name = InfoPlist.strings;
			sourceTree = "<group>";
		};
/* End PBXVariantGroup section */

/* Begin XCBuildConfiguration section */
		2E770E2D1939CF9800082E82 /* Debug */ = {
			isa = XCBuildConfiguration;
			buildSettings = {
				ALWAYS_SEARCH_USER_PATHS = NO;
				CLANG_CXX_LANGUAGE_STANDARD = "gnu++0x";
				CLANG_CXX_LIBRARY = "libc++";
				CLANG_ENABLE_MODULES = YES;
				CLANG_ENABLE_OBJC_ARC = YES;
				CLANG_WARN_BOOL_CONVERSION = YES;
				CLANG_WARN_CONSTANT_CONVERSION = YES;
				CLANG_WARN_DIRECT_OBJC_ISA_USAGE = YES_ERROR;
				CLANG_WARN_EMPTY_BODY = YES;
				CLANG_WARN_ENUM_CONVERSION = YES;
				CLANG_WARN_INT_CONVERSION = YES;
				CLANG_WARN_OBJC_ROOT_CLASS = YES_ERROR;
				CLANG_WARN__DUPLICATE_METHOD_MATCH = YES;
				"CODE_SIGN_IDENTITY[sdk=iphoneos*]" = "iPhone Developer";
				COPY_PHASE_STRIP = NO;
				GCC_C_LANGUAGE_STANDARD = gnu99;
				GCC_DYNAMIC_NO_PIC = NO;
				GCC_OPTIMIZATION_LEVEL = 0;
				GCC_PREPROCESSOR_DEFINITIONS = (
					"DEBUG=1",
					"$(inherited)",
				);
				GCC_SYMBOLS_PRIVATE_EXTERN = NO;
				GCC_WARN_64_TO_32_BIT_CONVERSION = YES;
				GCC_WARN_ABOUT_RETURN_TYPE = YES_ERROR;
				GCC_WARN_UNDECLARED_SELECTOR = YES;
				GCC_WARN_UNINITIALIZED_AUTOS = YES_AGGRESSIVE;
				GCC_WARN_UNUSED_FUNCTION = YES;
				GCC_WARN_UNUSED_VARIABLE = YES;
				IPHONEOS_DEPLOYMENT_TARGET = 7.1;
				ONLY_ACTIVE_ARCH = YES;
				SDKROOT = iphoneos;
				TARGETED_DEVICE_FAMILY = "1,2";
			};
			name = Debug;
		};
		2E770E2E1939CF9800082E82 /* Release */ = {
			isa = XCBuildConfiguration;
			buildSettings = {
				ALWAYS_SEARCH_USER_PATHS = NO;
				CLANG_CXX_LANGUAGE_STANDARD = "gnu++0x";
				CLANG_CXX_LIBRARY = "libc++";
				CLANG_ENABLE_MODULES = YES;
				CLANG_ENABLE_OBJC_ARC = YES;
				CLANG_WARN_BOOL_CONVERSION = YES;
				CLANG_WARN_CONSTANT_CONVERSION = YES;
				CLANG_WARN_DIRECT_OBJC_ISA_USAGE = YES_ERROR;
				CLANG_WARN_EMPTY_BODY = YES;
				CLANG_WARN_ENUM_CONVERSION = YES;
				CLANG_WARN_INT_CONVERSION = YES;
				CLANG_WARN_OBJC_ROOT_CLASS = YES_ERROR;
				CLANG_WARN__DUPLICATE_METHOD_MATCH = YES;
				"CODE_SIGN_IDENTITY[sdk=iphoneos*]" = "iPhone Developer";
				COPY_PHASE_STRIP = YES;
				ENABLE_NS_ASSERTIONS = NO;
				GCC_C_LANGUAGE_STANDARD = gnu99;
				GCC_WARN_64_TO_32_BIT_CONVERSION = YES;
				GCC_WARN_ABOUT_RETURN_TYPE = YES_ERROR;
				GCC_WARN_UNDECLARED_SELECTOR = YES;
				GCC_WARN_UNINITIALIZED_AUTOS = YES_AGGRESSIVE;
				GCC_WARN_UNUSED_FUNCTION = YES;
				GCC_WARN_UNUSED_VARIABLE = YES;
				IPHONEOS_DEPLOYMENT_TARGET = 7.1;
				SDKROOT = iphoneos;
				TARGETED_DEVICE_FAMILY = "1,2";
				VALIDATE_PRODUCT = YES;
			};
			name = Release;
		};
		2E770E301939CF9800082E82 /* Debug */ = {
			isa = XCBuildConfiguration;
			buildSettings = {
				ASSETCATALOG_COMPILER_APPICON_NAME = AppIcon;
				ASSETCATALOG_COMPILER_LAUNCHIMAGE_NAME = LaunchImage;
				CLANG_CXX_LIBRARY = "libstdc++";
				COMPRESS_PNG_FILES = NO;
				GCC_PRECOMPILE_PREFIX_HEADER = YES;
				GCC_PREFIX_HEADER = "lotechios/lotechios-Prefix.pch";
				HEADER_SEARCH_PATHS = (
					"$(inherited)",
					/Applications/Xcode.app/Contents/Developer/Toolchains/XcodeDefault.xctoolchain/usr/include,
					"$(PROJECT_DIR)/../../ios/**",
				);
				INFOPLIST_FILE = "lotechios/lotechios-Info.plist";
				LIBRARY_SEARCH_PATHS = "$(PROJECT_DIR)/../../ios";
				OTHER_LDFLAGS = (
					"-lbox2d",
					"-lcurl",
					"-llt",
					"-lpng",
					"-lvorbis",
					"-lz",
					"-llua",
				);
				PRODUCT_NAME = "$(TARGET_NAME)";
				WRAPPER_EXTENSION = app;
			};
			name = Debug;
		};
		2E770E311939CF9800082E82 /* Release */ = {
			isa = XCBuildConfiguration;
			buildSettings = {
				ASSETCATALOG_COMPILER_APPICON_NAME = AppIcon;
				ASSETCATALOG_COMPILER_LAUNCHIMAGE_NAME = LaunchImage;
				CLANG_CXX_LIBRARY = "libstdc++";
				COMPRESS_PNG_FILES = NO;
				GCC_PRECOMPILE_PREFIX_HEADER = YES;
				GCC_PREFIX_HEADER = "lotechios/lotechios-Prefix.pch";
				HEADER_SEARCH_PATHS = (
					"$(inherited)",
					/Applications/Xcode.app/Contents/Developer/Toolchains/XcodeDefault.xctoolchain/usr/include,
					"$(PROJECT_DIR)/../../ios/**",
				);
				INFOPLIST_FILE = "lotechios/lotechios-Info.plist";
				LIBRARY_SEARCH_PATHS = "$(PROJECT_DIR)/../../ios";
				OTHER_LDFLAGS = (
					"-lbox2d",
					"-lcurl",
					"-llt",
					"-lpng",
					"-lvorbis",
					"-lz",
					"-llua",
				);
				PRODUCT_NAME = "$(TARGET_NAME)";
				WRAPPER_EXTENSION = app;
			};
			name = Release;
		};
		2E770E331939CF9800082E82 /* Debug */ = {
			isa = XCBuildConfiguration;
			buildSettings = {
				BUNDLE_LOADER = "$(BUILT_PRODUCTS_DIR)/lotechios.app/lotechios";
				FRAMEWORK_SEARCH_PATHS = (
					"$(SDKROOT)/Developer/Library/Frameworks",
					"$(inherited)",
					"$(DEVELOPER_FRAMEWORKS_DIR)",
				);
				GCC_PRECOMPILE_PREFIX_HEADER = YES;
				GCC_PREFIX_HEADER = "lotechios/lotechios-Prefix.pch";
				GCC_PREPROCESSOR_DEFINITIONS = (
					"DEBUG=1",
					"$(inherited)",
				);
				INFOPLIST_FILE = "lotechiosTests/lotechiosTests-Info.plist";
				PRODUCT_NAME = "$(TARGET_NAME)";
				TEST_HOST = "$(BUNDLE_LOADER)";
				WRAPPER_EXTENSION = xctest;
			};
			name = Debug;
		};
		2E770E341939CF9800082E82 /* Release */ = {
			isa = XCBuildConfiguration;
			buildSettings = {
				BUNDLE_LOADER = "$(BUILT_PRODUCTS_DIR)/lotechios.app/lotechios";
				FRAMEWORK_SEARCH_PATHS = (
					"$(SDKROOT)/Developer/Library/Frameworks",
					"$(inherited)",
					"$(DEVELOPER_FRAMEWORKS_DIR)",
				);
				GCC_PRECOMPILE_PREFIX_HEADER = YES;
				GCC_PREFIX_HEADER = "lotechios/lotechios-Prefix.pch";
				INFOPLIST_FILE = "lotechiosTests/lotechiosTests-Info.plist";
				PRODUCT_NAME = "$(TARGET_NAME)";
				TEST_HOST = "$(BUNDLE_LOADER)";
				WRAPPER_EXTENSION = xctest;
			};
			name = Release;
		};
/* End XCBuildConfiguration section */

/* Begin XCConfigurationList section */
		2E770DED1939CF9800082E82 /* Build configuration list for PBXProject "lotechios" */ = {
			isa = XCConfigurationList;
			buildConfigurations = (
				2E770E2D1939CF9800082E82 /* Debug */,
				2E770E2E1939CF9800082E82 /* Release */,
			);
			defaultConfigurationIsVisible = 0;
			defaultConfigurationName = Release;
		};
		2E770E2F1939CF9800082E82 /* Build configuration list for PBXNativeTarget "lotechios" */ = {
			isa = XCConfigurationList;
			buildConfigurations = (
				2E770E301939CF9800082E82 /* Debug */,
				2E770E311939CF9800082E82 /* Release */,
			);
			defaultConfigurationIsVisible = 0;
			defaultConfigurationName = Release;
		};
		2E770E321939CF9800082E82 /* Build configuration list for PBXNativeTarget "lotechiosTests" */ = {
			isa = XCConfigurationList;
			buildConfigurations = (
				2E770E331939CF9800082E82 /* Debug */,
				2E770E341939CF9800082E82 /* Release */,
			);
			defaultConfigurationIsVisible = 0;
			defaultConfigurationName = Release;
		};
/* End XCConfigurationList section */
	};
	rootObject = 2E770DEA1939CF9800082E82 /* Project object */;
}
